
Microsoft Visual Studio Solution File, Format Version 12.00
# Visual Studio Version 16
VisualStudioVersion = 16.0.30523.141
MinimumVisualStudioVersion = 10.0.40219.1
Project("{2150E333-8FDC-42A3-9474-1A3956D46DE8}") = "_Solution Items", "_Solution Items", "{D449EFC6-4D96-4FF2-B01F-A4748B50D9C3}"
	ProjectSection(SolutionItems) = preProject
		.editorconfig = .editorconfig
		Directory.Build.props = Directory.Build.props
		Directory.Build.targets = Directory.Build.targets
		LICENSE.txt = LICENSE.txt
		README.md = README.md
	EndProjectSection
EndProject
Project("{2150E333-8FDC-42A3-9474-1A3956D46DE8}") = "_ProjectCommons", "_ProjectCommons", "{BA1E9B9F-AD3B-41A4-B9AC-490A101FD762}"
	ProjectSection(SolutionItems) = preProject
		_ProjectCommons\Project.Code.props = _ProjectCommons\Project.Code.props
		_ProjectCommons\Project.Code_Packages.props = _ProjectCommons\Project.Code_Packages.props
		_ProjectCommons\Project.NuGetPackage.props = _ProjectCommons\Project.NuGetPackage.props
		_ProjectCommons\Project.NuGetPackage_Post.props = _ProjectCommons\Project.NuGetPackage_Post.props
		_ProjectCommons\Project.Sample.props = _ProjectCommons\Project.Sample.props
		_ProjectCommons\Project.Shared.props = _ProjectCommons\Project.Shared.props
		_ProjectCommons\Project.Shared_Packages.props = _ProjectCommons\Project.Shared_Packages.props
		_ProjectCommons\Project.Tests.props = _ProjectCommons\Project.Tests.props
		_ProjectCommons\Project.Tests_Packages.props = _ProjectCommons\Project.Tests_Packages.props
		_ProjectCommons\Project.Tool.props = _ProjectCommons\Project.Tool.props
	EndProjectSection
EndProject
Project("{2150E333-8FDC-42A3-9474-1A3956D46DE8}") = "tests", "tests", "{684A5508-0B72-421D-9335-DC5286E76D40}"
EndProject
Project("{2150E333-8FDC-42A3-9474-1A3956D46DE8}") = "samples", "samples", "{6A287989-1384-4140-AFC8-8CA4B1F52D41}"
EndProject
Project("{9A19103F-16F7-4668-BE54-9A1E7A4F7556}") = "AppMotor.Core", "src\AppMotor.Core\AppMotor.Core.csproj", "{D747CB44-E0A8-42C7-8B0E-717780B152AC}"
EndProject
Project("{9A19103F-16F7-4668-BE54-9A1E7A4F7556}") = "AppMotor.Core.Tests", "tests\AppMotor.Core.Tests\AppMotor.Core.Tests.csproj", "{D4A0207A-F541-4154-853F-8FFEB75110DC}"
EndProject
Project("{9A19103F-16F7-4668-BE54-9A1E7A4F7556}") = "AppMotor.CliApp", "src\AppMotor.CliApp\AppMotor.CliApp.csproj", "{B745EBD8-4A38-439C-BD45-08382A723C38}"
EndProject
Project("{9A19103F-16F7-4668-BE54-9A1E7A4F7556}") = "AppMotor.CliApp.Tests", "tests\AppMotor.CliApp.Tests\AppMotor.CliApp.Tests.csproj", "{F4EAF0C1-51E2-40BD-8A54-627D8D958428}"
EndProject
Project("{9A19103F-16F7-4668-BE54-9A1E7A4F7556}") = "AppMotor.CliApp.Samples.AppWithVerbs", "samples\AppMotor.CliApp.Samples.AppWithVerbs\AppMotor.CliApp.Samples.AppWithVerbs.csproj", "{40B23696-445C-42B2-85AA-5ED5A3EF428B}"
EndProject
Project("{9A19103F-16F7-4668-BE54-9A1E7A4F7556}") = "AppMotor.CliApp.Samples.AppWithParams", "samples\AppMotor.CliApp.Samples.AppWithParams\AppMotor.CliApp.Samples.AppWithParams.csproj", "{33259BEB-A97E-4869-B1F2-9B668C2A00B9}"
EndProject
Project("{2150E333-8FDC-42A3-9474-1A3956D46DE8}") = "_StyleGuide", "_StyleGuide", "{515E0138-C1FA-48D0-A43D-AD50971E421A}"
	ProjectSection(SolutionItems) = preProject
		_StyleGuide\CA.globalconfig = _StyleGuide\CA.globalconfig
		_StyleGuide\StyleGuide.globalconfig = _StyleGuide\StyleGuide.globalconfig
	EndProjectSection
EndProject
Project("{2150E333-8FDC-42A3-9474-1A3956D46DE8}") = "utils", "utils", "{C835EA81-9921-4245-8020-9F65AB4D2175}"
EndProject
Project("{9A19103F-16F7-4668-BE54-9A1E7A4F7556}") = "AppMotor.CliApp.ExecutorGenerator", "utils\AppMotor.CliApp.ExecutorGenerator\AppMotor.CliApp.ExecutorGenerator.csproj", "{A67BAA24-CC7F-4680-90EB-F10958C4C75B}"
EndProject
Project("{9A19103F-16F7-4668-BE54-9A1E7A4F7556}") = "AppMotor.HttpServer", "src\AppMotor.HttpServer\AppMotor.HttpServer.csproj", "{C3E155CE-B854-4DB1-B1E2-42FF9CBBC18A}"
EndProject
Project("{9A19103F-16F7-4668-BE54-9A1E7A4F7556}") = "AppMotor.HttpServer.Tests", "tests\AppMotor.HttpServer.Tests\AppMotor.HttpServer.Tests.csproj", "{C0EBEF12-DFB0-4078-BE78-7030F00756AA}"
EndProject
Project("{9A19103F-16F7-4668-BE54-9A1E7A4F7556}") = "AppMotor.HttpServer.Sample", "samples\AppMotor.HttpServer.Sample\AppMotor.HttpServer.Sample.csproj", "{DF00176B-0C36-4F74-826C-687236B1A7C6}"
EndProject
Project("{9A19103F-16F7-4668-BE54-9A1E7A4F7556}") = "AppMotor.CliApp.Hosting.Sample", "samples\AppMotor.CliApp.Hosting.Sample\AppMotor.CliApp.Hosting.Sample.csproj", "{3CE0C1D8-870B-49A9-86E9-FF61B82A99F1}"
EndProject
Project("{2150E333-8FDC-42A3-9474-1A3956D46DE8}") = "src", "src", "{AC7F8FF0-BAB9-4F25-B51A-06EC1721643E}"
	ProjectSection(SolutionItems) = preProject
		src\.editorconfig = src\.editorconfig
		src\Common.props = src\Common.props
	EndProjectSection
EndProject
Global
	GlobalSection(SolutionConfigurationPlatforms) = preSolution
		Debug|Any CPU = Debug|Any CPU
		Release|Any CPU = Release|Any CPU
	EndGlobalSection
	GlobalSection(ProjectConfigurationPlatforms) = postSolution
		{D747CB44-E0A8-42C7-8B0E-717780B152AC}.Debug|Any CPU.ActiveCfg = Debug|Any CPU
		{D747CB44-E0A8-42C7-8B0E-717780B152AC}.Debug|Any CPU.Build.0 = Debug|Any CPU
		{D747CB44-E0A8-42C7-8B0E-717780B152AC}.Release|Any CPU.ActiveCfg = Release|Any CPU
		{D747CB44-E0A8-42C7-8B0E-717780B152AC}.Release|Any CPU.Build.0 = Release|Any CPU
		{D4A0207A-F541-4154-853F-8FFEB75110DC}.Debug|Any CPU.ActiveCfg = Debug|Any CPU
		{D4A0207A-F541-4154-853F-8FFEB75110DC}.Debug|Any CPU.Build.0 = Debug|Any CPU
		{D4A0207A-F541-4154-853F-8FFEB75110DC}.Release|Any CPU.ActiveCfg = Release|Any CPU
		{D4A0207A-F541-4154-853F-8FFEB75110DC}.Release|Any CPU.Build.0 = Release|Any CPU
		{B745EBD8-4A38-439C-BD45-08382A723C38}.Debug|Any CPU.ActiveCfg = Debug|Any CPU
		{B745EBD8-4A38-439C-BD45-08382A723C38}.Debug|Any CPU.Build.0 = Debug|Any CPU
		{B745EBD8-4A38-439C-BD45-08382A723C38}.Release|Any CPU.ActiveCfg = Release|Any CPU
		{B745EBD8-4A38-439C-BD45-08382A723C38}.Release|Any CPU.Build.0 = Release|Any CPU
		{F4EAF0C1-51E2-40BD-8A54-627D8D958428}.Debug|Any CPU.ActiveCfg = Debug|Any CPU
		{F4EAF0C1-51E2-40BD-8A54-627D8D958428}.Debug|Any CPU.Build.0 = Debug|Any CPU
		{F4EAF0C1-51E2-40BD-8A54-627D8D958428}.Release|Any CPU.ActiveCfg = Release|Any CPU
		{F4EAF0C1-51E2-40BD-8A54-627D8D958428}.Release|Any CPU.Build.0 = Release|Any CPU
		{40B23696-445C-42B2-85AA-5ED5A3EF428B}.Debug|Any CPU.ActiveCfg = Debug|Any CPU
		{40B23696-445C-42B2-85AA-5ED5A3EF428B}.Debug|Any CPU.Build.0 = Debug|Any CPU
		{40B23696-445C-42B2-85AA-5ED5A3EF428B}.Release|Any CPU.ActiveCfg = Release|Any CPU
		{40B23696-445C-42B2-85AA-5ED5A3EF428B}.Release|Any CPU.Build.0 = Release|Any CPU
		{33259BEB-A97E-4869-B1F2-9B668C2A00B9}.Debug|Any CPU.ActiveCfg = Debug|Any CPU
		{33259BEB-A97E-4869-B1F2-9B668C2A00B9}.Debug|Any CPU.Build.0 = Debug|Any CPU
		{33259BEB-A97E-4869-B1F2-9B668C2A00B9}.Release|Any CPU.ActiveCfg = Release|Any CPU
		{33259BEB-A97E-4869-B1F2-9B668C2A00B9}.Release|Any CPU.Build.0 = Release|Any CPU
		{A67BAA24-CC7F-4680-90EB-F10958C4C75B}.Debug|Any CPU.ActiveCfg = Debug|Any CPU
		{A67BAA24-CC7F-4680-90EB-F10958C4C75B}.Debug|Any CPU.Build.0 = Debug|Any CPU
		{A67BAA24-CC7F-4680-90EB-F10958C4C75B}.Release|Any CPU.ActiveCfg = Release|Any CPU
		{A67BAA24-CC7F-4680-90EB-F10958C4C75B}.Release|Any CPU.Build.0 = Release|Any CPU
		{C3E155CE-B854-4DB1-B1E2-42FF9CBBC18A}.Debug|Any CPU.ActiveCfg = Debug|Any CPU
		{C3E155CE-B854-4DB1-B1E2-42FF9CBBC18A}.Debug|Any CPU.Build.0 = Debug|Any CPU
		{C3E155CE-B854-4DB1-B1E2-42FF9CBBC18A}.Release|Any CPU.ActiveCfg = Release|Any CPU
		{C3E155CE-B854-4DB1-B1E2-42FF9CBBC18A}.Release|Any CPU.Build.0 = Release|Any CPU
		{C0EBEF12-DFB0-4078-BE78-7030F00756AA}.Debug|Any CPU.ActiveCfg = Debug|Any CPU
		{C0EBEF12-DFB0-4078-BE78-7030F00756AA}.Debug|Any CPU.Build.0 = Debug|Any CPU
		{C0EBEF12-DFB0-4078-BE78-7030F00756AA}.Release|Any CPU.ActiveCfg = Release|Any CPU
		{C0EBEF12-DFB0-4078-BE78-7030F00756AA}.Release|Any CPU.Build.0 = Release|Any CPU
		{DF00176B-0C36-4F74-826C-687236B1A7C6}.Debug|Any CPU.ActiveCfg = Debug|Any CPU
		{DF00176B-0C36-4F74-826C-687236B1A7C6}.Debug|Any CPU.Build.0 = Debug|Any CPU
		{DF00176B-0C36-4F74-826C-687236B1A7C6}.Release|Any CPU.ActiveCfg = Release|Any CPU
		{DF00176B-0C36-4F74-826C-687236B1A7C6}.Release|Any CPU.Build.0 = Release|Any CPU
		{3CE0C1D8-870B-49A9-86E9-FF61B82A99F1}.Debug|Any CPU.ActiveCfg = Debug|Any CPU
		{3CE0C1D8-870B-49A9-86E9-FF61B82A99F1}.Debug|Any CPU.Build.0 = Debug|Any CPU
		{3CE0C1D8-870B-49A9-86E9-FF61B82A99F1}.Release|Any CPU.ActiveCfg = Release|Any CPU
		{3CE0C1D8-870B-49A9-86E9-FF61B82A99F1}.Release|Any CPU.Build.0 = Release|Any CPU
	EndGlobalSection
	GlobalSection(SolutionProperties) = preSolution
		HideSolutionNode = FALSE
	EndGlobalSection
	GlobalSection(NestedProjects) = preSolution
		{BA1E9B9F-AD3B-41A4-B9AC-490A101FD762} = {D449EFC6-4D96-4FF2-B01F-A4748B50D9C3}
		{D747CB44-E0A8-42C7-8B0E-717780B152AC} = {AC7F8FF0-BAB9-4F25-B51A-06EC1721643E}
		{D4A0207A-F541-4154-853F-8FFEB75110DC} = {684A5508-0B72-421D-9335-DC5286E76D40}
		{B745EBD8-4A38-439C-BD45-08382A723C38} = {AC7F8FF0-BAB9-4F25-B51A-06EC1721643E}
		{F4EAF0C1-51E2-40BD-8A54-627D8D958428} = {684A5508-0B72-421D-9335-DC5286E76D40}
		{40B23696-445C-42B2-85AA-5ED5A3EF428B} = {6A287989-1384-4140-AFC8-8CA4B1F52D41}
		{33259BEB-A97E-4869-B1F2-9B668C2A00B9} = {6A287989-1384-4140-AFC8-8CA4B1F52D41}
		{515E0138-C1FA-48D0-A43D-AD50971E421A} = {D449EFC6-4D96-4FF2-B01F-A4748B50D9C3}
		{A67BAA24-CC7F-4680-90EB-F10958C4C75B} = {C835EA81-9921-4245-8020-9F65AB4D2175}
		{C3E155CE-B854-4DB1-B1E2-42FF9CBBC18A} = {AC7F8FF0-BAB9-4F25-B51A-06EC1721643E}
		{C0EBEF12-DFB0-4078-BE78-7030F00756AA} = {684A5508-0B72-421D-9335-DC5286E76D40}
		{DF00176B-0C36-4F74-826C-687236B1A7C6} = {6A287989-1384-4140-AFC8-8CA4B1F52D41}
		{3CE0C1D8-870B-49A9-86E9-FF61B82A99F1} = {6A287989-1384-4140-AFC8-8CA4B1F52D41}
	EndGlobalSection
	GlobalSection(ExtensibilityGlobals) = postSolution
		SolutionGuid = {FF64C9CC-C599-47C6-892D-FB620795361C}
	EndGlobalSection
EndGlobal
