
Microsoft Visual Studio Solution File, Format Version 12.00
# Visual Studio Version 16
VisualStudioVersion = 16.0.29905.134
MinimumVisualStudioVersion = 10.0.40219.1
Project("{2150E333-8FDC-42A3-9474-1A3956D46DE8}") = "_Solution Items", "_Solution Items", "{3070412B-0C42-465C-A0B1-840996585E88}"
	ProjectSection(SolutionItems) = preProject
		.editorconfig = .editorconfig
		CommonNuGet.props = CommonNuGet.props
		Directory.Build.props = Directory.Build.props
		Directory.Build.targets = Directory.Build.targets
		LICENSE.txt = LICENSE.txt
		README.md = README.md
	EndProjectSection
EndProject
Project("{2150E333-8FDC-42A3-9474-1A3956D46DE8}") = "_ProjectCommons", "_ProjectCommons", "{47B4E663-17D1-496B-9EEC-4575191A2DCA}"
	ProjectSection(SolutionItems) = preProject
		_ProjectCommons\Project.Code.Packages.props = _ProjectCommons\Project.Code.Packages.props
		_ProjectCommons\Project.Code.props = _ProjectCommons\Project.Code.props
		_ProjectCommons\Project.NuGetPackage.props = _ProjectCommons\Project.NuGetPackage.props
		_ProjectCommons\Project.Shared.Packages.props = _ProjectCommons\Project.Shared.Packages.props
		_ProjectCommons\Project.Shared.props = _ProjectCommons\Project.Shared.props
		_ProjectCommons\Project.Tests.Packages.props = _ProjectCommons\Project.Tests.Packages.props
		_ProjectCommons\Project.Tests.props = _ProjectCommons\Project.Tests.props
	EndProjectSection
EndProject
Project("{2150E333-8FDC-42A3-9474-1A3956D46DE8}") = "Core", "Core", "{3C07A4A0-723A-450A-9749-F959B66D244B}"
EndProject
Project("{9A19103F-16F7-4668-BE54-9A1E7A4F7556}") = "AppMotor.Core", "src\Core\AppMotor.Core\AppMotor.Core.csproj", "{0E87039E-D882-44F8-BBA2-7DF51F26E1EF}"
EndProject
Project("{9A19103F-16F7-4668-BE54-9A1E7A4F7556}") = "AppMotor.Core.Tests", "src\Core\AppMotor.Core.Tests\AppMotor.Core.Tests.csproj", "{2DBAB552-26F3-4EE8-9C9D-DF67FA933D82}"
EndProject
Project("{2150E333-8FDC-42A3-9474-1A3956D46DE8}") = "CliApp", "CliApp", "{F7DED723-5BC3-4A92-94F8-53DA496B0AA4}"
	ProjectSection(SolutionItems) = preProject
		src\CliApp\README.md = src\CliApp\README.md
	EndProjectSection
EndProject
Project("{9A19103F-16F7-4668-BE54-9A1E7A4F7556}") = "AppMotor.CliApp", "src\CliApp\AppMotor.CliApp\AppMotor.CliApp.csproj", "{CBB59AA0-B953-4989-8AC9-9645AB5A0447}"
EndProject
Project("{9A19103F-16F7-4668-BE54-9A1E7A4F7556}") = "AppMotor.CliApp.Tests", "src\CliApp\AppMotor.CliApp.Tests\AppMotor.CliApp.Tests.csproj", "{7468E2E3-BDE8-4C7C-A48F-23A90D2819B0}"
EndProject
Project("{9A19103F-16F7-4668-BE54-9A1E7A4F7556}") = "AppMotor.CliApp.Hosting", "src\CliApp\AppMotor.CliApp.Hosting\AppMotor.CliApp.Hosting.csproj", "{4882E3B8-DAFB-464F-94B1-5152AF314733}"
EndProject
Global
	GlobalSection(SolutionConfigurationPlatforms) = preSolution
		Debug|Any CPU = Debug|Any CPU
		Release|Any CPU = Release|Any CPU
	EndGlobalSection
	GlobalSection(ProjectConfigurationPlatforms) = postSolution
		{0E87039E-D882-44F8-BBA2-7DF51F26E1EF}.Debug|Any CPU.ActiveCfg = Debug|Any CPU
		{0E87039E-D882-44F8-BBA2-7DF51F26E1EF}.Debug|Any CPU.Build.0 = Debug|Any CPU
		{0E87039E-D882-44F8-BBA2-7DF51F26E1EF}.Release|Any CPU.ActiveCfg = Release|Any CPU
		{0E87039E-D882-44F8-BBA2-7DF51F26E1EF}.Release|Any CPU.Build.0 = Release|Any CPU
		{2DBAB552-26F3-4EE8-9C9D-DF67FA933D82}.Debug|Any CPU.ActiveCfg = Debug|Any CPU
		{2DBAB552-26F3-4EE8-9C9D-DF67FA933D82}.Debug|Any CPU.Build.0 = Debug|Any CPU
		{2DBAB552-26F3-4EE8-9C9D-DF67FA933D82}.Release|Any CPU.ActiveCfg = Release|Any CPU
		{2DBAB552-26F3-4EE8-9C9D-DF67FA933D82}.Release|Any CPU.Build.0 = Release|Any CPU
		{CBB59AA0-B953-4989-8AC9-9645AB5A0447}.Debug|Any CPU.ActiveCfg = Debug|Any CPU
		{CBB59AA0-B953-4989-8AC9-9645AB5A0447}.Debug|Any CPU.Build.0 = Debug|Any CPU
		{CBB59AA0-B953-4989-8AC9-9645AB5A0447}.Release|Any CPU.ActiveCfg = Release|Any CPU
		{CBB59AA0-B953-4989-8AC9-9645AB5A0447}.Release|Any CPU.Build.0 = Release|Any CPU
		{7468E2E3-BDE8-4C7C-A48F-23A90D2819B0}.Debug|Any CPU.ActiveCfg = Debug|Any CPU
		{7468E2E3-BDE8-4C7C-A48F-23A90D2819B0}.Debug|Any CPU.Build.0 = Debug|Any CPU
		{7468E2E3-BDE8-4C7C-A48F-23A90D2819B0}.Release|Any CPU.ActiveCfg = Release|Any CPU
		{7468E2E3-BDE8-4C7C-A48F-23A90D2819B0}.Release|Any CPU.Build.0 = Release|Any CPU
		{4882E3B8-DAFB-464F-94B1-5152AF314733}.Debug|Any CPU.ActiveCfg = Debug|Any CPU
		{4882E3B8-DAFB-464F-94B1-5152AF314733}.Debug|Any CPU.Build.0 = Debug|Any CPU
		{4882E3B8-DAFB-464F-94B1-5152AF314733}.Release|Any CPU.ActiveCfg = Release|Any CPU
		{4882E3B8-DAFB-464F-94B1-5152AF314733}.Release|Any CPU.Build.0 = Release|Any CPU
	EndGlobalSection
	GlobalSection(SolutionProperties) = preSolution
		HideSolutionNode = FALSE
	EndGlobalSection
	GlobalSection(NestedProjects) = preSolution
		{47B4E663-17D1-496B-9EEC-4575191A2DCA} = {3070412B-0C42-465C-A0B1-840996585E88}
		{0E87039E-D882-44F8-BBA2-7DF51F26E1EF} = {3C07A4A0-723A-450A-9749-F959B66D244B}
		{2DBAB552-26F3-4EE8-9C9D-DF67FA933D82} = {3C07A4A0-723A-450A-9749-F959B66D244B}
		{CBB59AA0-B953-4989-8AC9-9645AB5A0447} = {F7DED723-5BC3-4A92-94F8-53DA496B0AA4}
		{7468E2E3-BDE8-4C7C-A48F-23A90D2819B0} = {F7DED723-5BC3-4A92-94F8-53DA496B0AA4}
		{4882E3B8-DAFB-464F-94B1-5152AF314733} = {F7DED723-5BC3-4A92-94F8-53DA496B0AA4}
	EndGlobalSection
	GlobalSection(ExtensibilityGlobals) = postSolution
		SolutionGuid = {F0718EB9-558A-47CC-96BF-5A380976A51B}
	EndGlobalSection
EndGlobal
