
Microsoft Visual Studio Solution File, Format Version 12.00
# Visual Studio Version 17
VisualStudioVersion = 17.0.31919.166
MinimumVisualStudioVersion = 10.0.40219.1
Project("{2150E333-8FDC-42A3-9474-1A3956D46DE8}") = "_Solution Items", "_Solution Items", "{D449EFC6-4D96-4FF2-B01F-A4748B50D9C3}"
	ProjectSection(SolutionItems) = preProject
		.editorconfig = .editorconfig
		Directory.Build.props = Directory.Build.props
		Directory.Build.targets = Directory.Build.targets
		LICENSE.txt = LICENSE.txt
		README.md = README.md
	EndProjectSection
EndProject
Project("{2150E333-8FDC-42A3-9474-1A3956D46DE8}") = "_ProjectCommons", "_ProjectCommons", "{BA1E9B9F-AD3B-41A4-B9AC-490A101FD762}"
	ProjectSection(SolutionItems) = preProject
		_ProjectCommons\CA.globalconfig = _ProjectCommons\CA.globalconfig
		_ProjectCommons\Common.Directory.Build.props = _ProjectCommons\Common.Directory.Build.props
		_ProjectCommons\Common.Directory.Build.targets = _ProjectCommons\Common.Directory.Build.targets
		_ProjectCommons\Project.Code.props = _ProjectCommons\Project.Code.props
		_ProjectCommons\Project.Code_Packages.props = _ProjectCommons\Project.Code_Packages.props
		_ProjectCommons\Project.NuGetPackage.props = _ProjectCommons\Project.NuGetPackage.props
		_ProjectCommons\Project.NuGetPackage_Post.props = _ProjectCommons\Project.NuGetPackage_Post.props
		_ProjectCommons\Project.Sample.props = _ProjectCommons\Project.Sample.props
		_ProjectCommons\Project.Shared.props = _ProjectCommons\Project.Shared.props
		_ProjectCommons\Project.Tests.props = _ProjectCommons\Project.Tests.props
		_ProjectCommons\Project.Tests_Packages.props = _ProjectCommons\Project.Tests_Packages.props
		_ProjectCommons\Project.Tool.props = _ProjectCommons\Project.Tool.props
		_ProjectCommons\StyleGuide.globalconfig = _ProjectCommons\StyleGuide.globalconfig
	EndProjectSection
EndProject
Project("{2150E333-8FDC-42A3-9474-1A3956D46DE8}") = "samples", "samples", "{6A287989-1384-4140-AFC8-8CA4B1F52D41}"
EndProject
Project("{9A19103F-16F7-4668-BE54-9A1E7A4F7556}") = "AppMotor.Core", "src\AppMotor.Core\AppMotor.Core.csproj", "{D747CB44-E0A8-42C7-8B0E-717780B152AC}"
EndProject
Project("{9A19103F-16F7-4668-BE54-9A1E7A4F7556}") = "AppMotor.Core.Tests", "tests\AppMotor.Core.Tests\AppMotor.Core.Tests.csproj", "{D4A0207A-F541-4154-853F-8FFEB75110DC}"
EndProject
Project("{9A19103F-16F7-4668-BE54-9A1E7A4F7556}") = "AppMotor.CliApp", "src\AppMotor.CliApp\AppMotor.CliApp.csproj", "{B745EBD8-4A38-439C-BD45-08382A723C38}"
EndProject
Project("{9A19103F-16F7-4668-BE54-9A1E7A4F7556}") = "AppMotor.CliApp.Tests", "tests\AppMotor.CliApp.Tests\AppMotor.CliApp.Tests.csproj", "{F4EAF0C1-51E2-40BD-8A54-627D8D958428}"
EndProject
Project("{9A19103F-16F7-4668-BE54-9A1E7A4F7556}") = "AppMotor.CliApp.Samples.AppWithVerbs", "samples\AppMotor.CliApp.Samples.AppWithVerbs\AppMotor.CliApp.Samples.AppWithVerbs.csproj", "{40B23696-445C-42B2-85AA-5ED5A3EF428B}"
EndProject
Project("{9A19103F-16F7-4668-BE54-9A1E7A4F7556}") = "AppMotor.CliApp.Samples.AppWithParams", "samples\AppMotor.CliApp.Samples.AppWithParams\AppMotor.CliApp.Samples.AppWithParams.csproj", "{33259BEB-A97E-4869-B1F2-9B668C2A00B9}"
EndProject
Project("{9A19103F-16F7-4668-BE54-9A1E7A4F7556}") = "AppMotor.HttpServer", "src\AppMotor.HttpServer\AppMotor.HttpServer.csproj", "{C3E155CE-B854-4DB1-B1E2-42FF9CBBC18A}"
EndProject
Project("{9A19103F-16F7-4668-BE54-9A1E7A4F7556}") = "AppMotor.HttpServer.Tests", "tests\AppMotor.HttpServer.Tests\AppMotor.HttpServer.Tests.csproj", "{C0EBEF12-DFB0-4078-BE78-7030F00756AA}"
EndProject
Project("{9A19103F-16F7-4668-BE54-9A1E7A4F7556}") = "AppMotor.HttpServer.MvcSample", "samples\AppMotor.HttpServer.MvcSample\AppMotor.HttpServer.MvcSample.csproj", "{DF00176B-0C36-4F74-826C-687236B1A7C6}"
EndProject
Project("{9A19103F-16F7-4668-BE54-9A1E7A4F7556}") = "AppMotor.CliApp.HostBuilder.Sample", "samples\AppMotor.CliApp.HostBuilder.Sample\AppMotor.CliApp.HostBuilder.Sample.csproj", "{3CE0C1D8-870B-49A9-86E9-FF61B82A99F1}"
EndProject
Project("{2150E333-8FDC-42A3-9474-1A3956D46DE8}") = "src", "src", "{AC7F8FF0-BAB9-4F25-B51A-06EC1721643E}"
	ProjectSection(SolutionItems) = preProject
		src\.editorconfig = src\.editorconfig
		src\Common.props = src\Common.props
	EndProjectSection
EndProject
Project("{9A19103F-16F7-4668-BE54-9A1E7A4F7556}") = "AppMotor.TestCore", "src\AppMotor.TestCore\AppMotor.TestCore.csproj", "{AB89C96D-65A1-4753-A686-F6DB5B26423D}"
EndProject
Project("{2150E333-8FDC-42A3-9474-1A3956D46DE8}") = "Core", "Core", "{36A324F1-6A02-462D-AE9E-BFA1077BCEEE}"
EndProject
Project("{2150E333-8FDC-42A3-9474-1A3956D46DE8}") = "CliApp", "CliApp", "{199CEEF6-083D-4216-87BF-24630D8C6DEE}"
EndProject
Project("{2150E333-8FDC-42A3-9474-1A3956D46DE8}") = "HttpServer", "HttpServer", "{95655C2B-7841-4B20-BA71-827B8E8127DA}"
EndProject
Project("{2150E333-8FDC-42A3-9474-1A3956D46DE8}") = "TestCore", "TestCore", "{5DE13765-07CD-4528-B4F5-4611C1ED929E}"
EndProject
Project("{2150E333-8FDC-42A3-9474-1A3956D46DE8}") = "samples", "samples", "{625969C5-2EAE-4A6F-B879-3EC7FCA63F56}"
EndProject
Project("{9A19103F-16F7-4668-BE54-9A1E7A4F7556}") = "AppMotor.CliApp.TerminalColorsSample", "samples\AppMotor.CliApp.TerminalColorsSample\AppMotor.CliApp.TerminalColorsSample.csproj", "{D8624985-4035-4989-BCA5-6224337C8B84}"
EndProject
Project("{9A19103F-16F7-4668-BE54-9A1E7A4F7556}") = "AppMotor.CliApp.ProgressBarSample", "samples\AppMotor.CliApp.ProgressBarSample\AppMotor.CliApp.ProgressBarSample.csproj", "{8A9084C9-9812-4024-BB76-76A43615BF52}"
EndProject
Project("{9A19103F-16F7-4668-BE54-9A1E7A4F7556}") = "AppMotor.HttpServer.WebApiSample", "samples\AppMotor.HttpServer.WebApiSample\AppMotor.HttpServer.WebApiSample.csproj", "{FAD59A4C-6CFA-4D71-B7DC-480A126C1392}"
EndProject
Project("{2150E333-8FDC-42A3-9474-1A3956D46DE8}") = "NetStandardCompat", "NetStandardCompat", "{06FC077C-5DB3-4C0F-A990-7891BD576153}"
EndProject
Project("{9A19103F-16F7-4668-BE54-9A1E7A4F7556}") = "AppMotor.NetStandardCompat", "src\AppMotor.NetStandardCompat\AppMotor.NetStandardCompat.csproj", "{5F4F04CF-6FEF-4670-A881-F9F0F4E8B2A2}"
EndProject
Global
	GlobalSection(SolutionConfigurationPlatforms) = preSolution
		Debug|Any CPU = Debug|Any CPU
		Release|Any CPU = Release|Any CPU
	EndGlobalSection
	GlobalSection(ProjectConfigurationPlatforms) = postSolution
		{D747CB44-E0A8-42C7-8B0E-717780B152AC}.Debug|Any CPU.ActiveCfg = Debug|Any CPU
		{D747CB44-E0A8-42C7-8B0E-717780B152AC}.Debug|Any CPU.Build.0 = Debug|Any CPU
		{D747CB44-E0A8-42C7-8B0E-717780B152AC}.Release|Any CPU.ActiveCfg = Release|Any CPU
		{D747CB44-E0A8-42C7-8B0E-717780B152AC}.Release|Any CPU.Build.0 = Release|Any CPU
		{D4A0207A-F541-4154-853F-8FFEB75110DC}.Debug|Any CPU.ActiveCfg = Debug|Any CPU
		{D4A0207A-F541-4154-853F-8FFEB75110DC}.Debug|Any CPU.Build.0 = Debug|Any CPU
		{D4A0207A-F541-4154-853F-8FFEB75110DC}.Release|Any CPU.ActiveCfg = Release|Any CPU
		{D4A0207A-F541-4154-853F-8FFEB75110DC}.Release|Any CPU.Build.0 = Release|Any CPU
		{B745EBD8-4A38-439C-BD45-08382A723C38}.Debug|Any CPU.ActiveCfg = Debug|Any CPU
		{B745EBD8-4A38-439C-BD45-08382A723C38}.Debug|Any CPU.Build.0 = Debug|Any CPU
		{B745EBD8-4A38-439C-BD45-08382A723C38}.Release|Any CPU.ActiveCfg = Release|Any CPU
		{B745EBD8-4A38-439C-BD45-08382A723C38}.Release|Any CPU.Build.0 = Release|Any CPU
		{F4EAF0C1-51E2-40BD-8A54-627D8D958428}.Debug|Any CPU.ActiveCfg = Debug|Any CPU
		{F4EAF0C1-51E2-40BD-8A54-627D8D958428}.Debug|Any CPU.Build.0 = Debug|Any CPU
		{F4EAF0C1-51E2-40BD-8A54-627D8D958428}.Release|Any CPU.ActiveCfg = Release|Any CPU
		{F4EAF0C1-51E2-40BD-8A54-627D8D958428}.Release|Any CPU.Build.0 = Release|Any CPU
		{40B23696-445C-42B2-85AA-5ED5A3EF428B}.Debug|Any CPU.ActiveCfg = Debug|Any CPU
		{40B23696-445C-42B2-85AA-5ED5A3EF428B}.Debug|Any CPU.Build.0 = Debug|Any CPU
		{40B23696-445C-42B2-85AA-5ED5A3EF428B}.Release|Any CPU.ActiveCfg = Release|Any CPU
		{40B23696-445C-42B2-85AA-5ED5A3EF428B}.Release|Any CPU.Build.0 = Release|Any CPU
		{33259BEB-A97E-4869-B1F2-9B668C2A00B9}.Debug|Any CPU.ActiveCfg = Debug|Any CPU
		{33259BEB-A97E-4869-B1F2-9B668C2A00B9}.Debug|Any CPU.Build.0 = Debug|Any CPU
		{33259BEB-A97E-4869-B1F2-9B668C2A00B9}.Release|Any CPU.ActiveCfg = Release|Any CPU
		{33259BEB-A97E-4869-B1F2-9B668C2A00B9}.Release|Any CPU.Build.0 = Release|Any CPU
		{C3E155CE-B854-4DB1-B1E2-42FF9CBBC18A}.Debug|Any CPU.ActiveCfg = Debug|Any CPU
		{C3E155CE-B854-4DB1-B1E2-42FF9CBBC18A}.Debug|Any CPU.Build.0 = Debug|Any CPU
		{C3E155CE-B854-4DB1-B1E2-42FF9CBBC18A}.Release|Any CPU.ActiveCfg = Release|Any CPU
		{C3E155CE-B854-4DB1-B1E2-42FF9CBBC18A}.Release|Any CPU.Build.0 = Release|Any CPU
		{C0EBEF12-DFB0-4078-BE78-7030F00756AA}.Debug|Any CPU.ActiveCfg = Debug|Any CPU
		{C0EBEF12-DFB0-4078-BE78-7030F00756AA}.Debug|Any CPU.Build.0 = Debug|Any CPU
		{C0EBEF12-DFB0-4078-BE78-7030F00756AA}.Release|Any CPU.ActiveCfg = Release|Any CPU
		{C0EBEF12-DFB0-4078-BE78-7030F00756AA}.Release|Any CPU.Build.0 = Release|Any CPU
		{DF00176B-0C36-4F74-826C-687236B1A7C6}.Debug|Any CPU.ActiveCfg = Debug|Any CPU
		{DF00176B-0C36-4F74-826C-687236B1A7C6}.Debug|Any CPU.Build.0 = Debug|Any CPU
		{DF00176B-0C36-4F74-826C-687236B1A7C6}.Release|Any CPU.ActiveCfg = Release|Any CPU
		{DF00176B-0C36-4F74-826C-687236B1A7C6}.Release|Any CPU.Build.0 = Release|Any CPU
		{3CE0C1D8-870B-49A9-86E9-FF61B82A99F1}.Debug|Any CPU.ActiveCfg = Debug|Any CPU
		{3CE0C1D8-870B-49A9-86E9-FF61B82A99F1}.Debug|Any CPU.Build.0 = Debug|Any CPU
		{3CE0C1D8-870B-49A9-86E9-FF61B82A99F1}.Release|Any CPU.ActiveCfg = Release|Any CPU
		{3CE0C1D8-870B-49A9-86E9-FF61B82A99F1}.Release|Any CPU.Build.0 = Release|Any CPU
		{AB89C96D-65A1-4753-A686-F6DB5B26423D}.Debug|Any CPU.ActiveCfg = Debug|Any CPU
		{AB89C96D-65A1-4753-A686-F6DB5B26423D}.Debug|Any CPU.Build.0 = Debug|Any CPU
		{AB89C96D-65A1-4753-A686-F6DB5B26423D}.Release|Any CPU.ActiveCfg = Release|Any CPU
		{AB89C96D-65A1-4753-A686-F6DB5B26423D}.Release|Any CPU.Build.0 = Release|Any CPU
		{D8624985-4035-4989-BCA5-6224337C8B84}.Debug|Any CPU.ActiveCfg = Debug|Any CPU
		{D8624985-4035-4989-BCA5-6224337C8B84}.Debug|Any CPU.Build.0 = Debug|Any CPU
		{D8624985-4035-4989-BCA5-6224337C8B84}.Release|Any CPU.ActiveCfg = Release|Any CPU
		{D8624985-4035-4989-BCA5-6224337C8B84}.Release|Any CPU.Build.0 = Release|Any CPU
		{8A9084C9-9812-4024-BB76-76A43615BF52}.Debug|Any CPU.ActiveCfg = Debug|Any CPU
		{8A9084C9-9812-4024-BB76-76A43615BF52}.Debug|Any CPU.Build.0 = Debug|Any CPU
		{8A9084C9-9812-4024-BB76-76A43615BF52}.Release|Any CPU.ActiveCfg = Release|Any CPU
		{8A9084C9-9812-4024-BB76-76A43615BF52}.Release|Any CPU.Build.0 = Release|Any CPU
		{FAD59A4C-6CFA-4D71-B7DC-480A126C1392}.Debug|Any CPU.ActiveCfg = Debug|Any CPU
		{FAD59A4C-6CFA-4D71-B7DC-480A126C1392}.Debug|Any CPU.Build.0 = Debug|Any CPU
		{FAD59A4C-6CFA-4D71-B7DC-480A126C1392}.Release|Any CPU.ActiveCfg = Release|Any CPU
		{FAD59A4C-6CFA-4D71-B7DC-480A126C1392}.Release|Any CPU.Build.0 = Release|Any CPU
		{5F4F04CF-6FEF-4670-A881-F9F0F4E8B2A2}.Debug|Any CPU.ActiveCfg = Debug|Any CPU
		{5F4F04CF-6FEF-4670-A881-F9F0F4E8B2A2}.Debug|Any CPU.Build.0 = Debug|Any CPU
		{5F4F04CF-6FEF-4670-A881-F9F0F4E8B2A2}.Release|Any CPU.ActiveCfg = Release|Any CPU
		{5F4F04CF-6FEF-4670-A881-F9F0F4E8B2A2}.Release|Any CPU.Build.0 = Release|Any CPU
	EndGlobalSection
	GlobalSection(SolutionProperties) = preSolution
		HideSolutionNode = FALSE
	EndGlobalSection
	GlobalSection(NestedProjects) = preSolution
		{BA1E9B9F-AD3B-41A4-B9AC-490A101FD762} = {D449EFC6-4D96-4FF2-B01F-A4748B50D9C3}
		{6A287989-1384-4140-AFC8-8CA4B1F52D41} = {95655C2B-7841-4B20-BA71-827B8E8127DA}
		{D747CB44-E0A8-42C7-8B0E-717780B152AC} = {36A324F1-6A02-462D-AE9E-BFA1077BCEEE}
		{D4A0207A-F541-4154-853F-8FFEB75110DC} = {36A324F1-6A02-462D-AE9E-BFA1077BCEEE}
		{B745EBD8-4A38-439C-BD45-08382A723C38} = {199CEEF6-083D-4216-87BF-24630D8C6DEE}
		{F4EAF0C1-51E2-40BD-8A54-627D8D958428} = {199CEEF6-083D-4216-87BF-24630D8C6DEE}
		{40B23696-445C-42B2-85AA-5ED5A3EF428B} = {625969C5-2EAE-4A6F-B879-3EC7FCA63F56}
		{33259BEB-A97E-4869-B1F2-9B668C2A00B9} = {625969C5-2EAE-4A6F-B879-3EC7FCA63F56}
		{C3E155CE-B854-4DB1-B1E2-42FF9CBBC18A} = {95655C2B-7841-4B20-BA71-827B8E8127DA}
		{C0EBEF12-DFB0-4078-BE78-7030F00756AA} = {95655C2B-7841-4B20-BA71-827B8E8127DA}
		{DF00176B-0C36-4F74-826C-687236B1A7C6} = {6A287989-1384-4140-AFC8-8CA4B1F52D41}
		{3CE0C1D8-870B-49A9-86E9-FF61B82A99F1} = {625969C5-2EAE-4A6F-B879-3EC7FCA63F56}
		{AC7F8FF0-BAB9-4F25-B51A-06EC1721643E} = {D449EFC6-4D96-4FF2-B01F-A4748B50D9C3}
		{AB89C96D-65A1-4753-A686-F6DB5B26423D} = {5DE13765-07CD-4528-B4F5-4611C1ED929E}
		{625969C5-2EAE-4A6F-B879-3EC7FCA63F56} = {199CEEF6-083D-4216-87BF-24630D8C6DEE}
		{D8624985-4035-4989-BCA5-6224337C8B84} = {625969C5-2EAE-4A6F-B879-3EC7FCA63F56}
		{8A9084C9-9812-4024-BB76-76A43615BF52} = {625969C5-2EAE-4A6F-B879-3EC7FCA63F56}
		{FAD59A4C-6CFA-4D71-B7DC-480A126C1392} = {6A287989-1384-4140-AFC8-8CA4B1F52D41}
		{5F4F04CF-6FEF-4670-A881-F9F0F4E8B2A2} = {06FC077C-5DB3-4C0F-A990-7891BD576153}
	EndGlobalSection
	GlobalSection(ExtensibilityGlobals) = postSolution
		SolutionGuid = {FF64C9CC-C599-47C6-892D-FB620795361C}
	EndGlobalSection
EndGlobal
