
Microsoft Visual Studio Solution File, Format Version 12.00
# Visual Studio Version 16
VisualStudioVersion = 16.0.29905.134
MinimumVisualStudioVersion = 10.0.40219.1
Project("{FAE04EC0-301F-11D3-BF4B-00C04F79EFBC}") = "AppWeave.Core", "AppWeave.Core\AppWeave.Core.csproj", "{0E87039E-D882-44F8-BBA2-7DF51F26E1EF}"
EndProject
Global
	GlobalSection(SolutionConfigurationPlatforms) = preSolution
		Debug|Any CPU = Debug|Any CPU
		Release|Any CPU = Release|Any CPU
	EndGlobalSection
	GlobalSection(ProjectConfigurationPlatforms) = postSolution
		{0E87039E-D882-44F8-BBA2-7DF51F26E1EF}.Debug|Any CPU.ActiveCfg = Debug|Any CPU
		{0E87039E-D882-44F8-BBA2-7DF51F26E1EF}.Debug|Any CPU.Build.0 = Debug|Any CPU
		{0E87039E-D882-44F8-BBA2-7DF51F26E1EF}.Release|Any CPU.ActiveCfg = Release|Any CPU
		{0E87039E-D882-44F8-BBA2-7DF51F26E1EF}.Release|Any CPU.Build.0 = Release|Any CPU
	EndGlobalSection
	GlobalSection(SolutionProperties) = preSolution
		HideSolutionNode = FALSE
	EndGlobalSection
	GlobalSection(ExtensibilityGlobals) = postSolution
		SolutionGuid = {F0718EB9-558A-47CC-96BF-5A380976A51B}
	EndGlobalSection
EndGlobal
